{
  "version": 4,
  "terraform_version": "1.2.4",
  "serial": 3,
  "lineage": "fad47019-be61-ac7a-01ae-51f5cea3de9a",
  "outputs": {},
  "resources": [
    {
      "mode": "managed",
      "type": "aws_s3_bucket",
      "name": "my-s3name",
      "provider": "provider[\"registry.terraform.io/hashicorp/aws\"]",
      "instances": [
        {
          "schema_version": 0,
          "attributes": {
            "acceleration_status": "",
            "acl": "private",
            "arn": "arn:aws:s3:::mystiqueaura",
            "bucket": "mystiqueaura",
            "bucket_domain_name": "mystiqueaura.s3.amazonaws.com",
            "bucket_prefix": null,
            "bucket_regional_domain_name": "mystiqueaura.s3.us-east-2.amazonaws.com",
            "cors_rule": [],
            "force_destroy": false,
            "grant": [
              {
                "id": "b2568b738077370a8c3951dc20c0c203dbb8d3d81acb855a23eea1f8fbeb3a28",
                "permissions": [
                  "FULL_CONTROL"
                ],
                "type": "CanonicalUser",
                "uri": ""
              }
            ],
            "hosted_zone_id": "Z2O1EMRO9K5GLX",
            "id": "mystiqueaura",
            "lifecycle_rule": [],
            "logging": [],
            "object_lock_configuration": [],
            "object_lock_enabled": false,
            "policy": "",
            "region": "us-east-2",
            "replication_configuration": [],
            "request_payer": "BucketOwner",
            "server_side_encryption_configuration": [],
            "tags": {
              "Environment": "prod",
              "Name": "coreservices",
              "managed": "terraform",
              "region": "useast2"
            },
            "tags_all": {
              "Environment": "prod",
              "Name": "coreservices",
              "managed": "terraform",
              "region": "useast2"
            },
            "versioning": [
              {
                "enabled": false,
                "mfa_delete": false
              }
            ],
            "website": [],
            "website_domain": null,
            "website_endpoint": null
          },
          "sensitive_attributes": [],
          "private": "bnVsbA=="
        }
      ]
    }
  ]
}
