{
  "version": 4,
  "terraform_version": "1.2.4",
  "serial": 51,
  "lineage": "a24940f3-1b7d-bb7a-fc2a-8d033aa7b742",
  "outputs": {},
  "resources": [
    {
      "mode": "managed",
      "type": "aws_vpc",
      "name": "vpc",
      "provider": "provider[\"registry.terraform.io/hashicorp/aws\"]",
      "instances": [
        {
          "schema_version": 1,
          "attributes": {
            "arn": "arn:aws:ec2:us-east-2:109106954009:vpc/vpc-0fda60e56203bd443",
            "assign_generated_ipv6_cidr_block": false,
            "cidr_block": "10.0.0.0/16",
            "default_network_acl_id": "acl-009673218cb0e3cfa",
            "default_route_table_id": "rtb-02a473c1d3f1a9e83",
            "default_security_group_id": "sg-0e8497a6c6cbcb15d",
            "dhcp_options_id": "dopt-0b4032947f9bf97bd",
            "enable_classiclink": false,
            "enable_classiclink_dns_support": false,
            "enable_dns_hostnames": false,
            "enable_dns_support": true,
            "id": "vpc-0fda60e56203bd443",
            "instance_tenancy": "default",
            "ipv4_ipam_pool_id": null,
            "ipv4_netmask_length": null,
            "ipv6_association_id": "",
            "ipv6_cidr_block": "",
            "ipv6_cidr_block_network_border_group": "",
            "ipv6_ipam_pool_id": "",
            "ipv6_netmask_length": 0,
            "main_route_table_id": "rtb-02a473c1d3f1a9e83",
            "owner_id": "109106954009",
            "tags": {
              "name": "demovpc"
            },
            "tags_all": {
              "name": "demovpc"
            }
          },
          "sensitive_attributes": [],
          "private": "eyJzY2hlbWFfdmVyc2lvbiI6IjEifQ=="
        }
      ]
    }
  ]
}
