{
  "version": 4,
  "terraform_version": "1.2.4",
  "serial": 13,
  "lineage": "f2f04832-4623-f542-097c-96b7c3835014",
  "outputs": {},
  "resources": [
    {
      "mode": "managed",
      "type": "aws_vpc",
      "name": "demo-vpc",
      "provider": "provider[\"registry.terraform.io/hashicorp/aws\"]",
      "instances": [
        {
          "index_key": "10.0.0.0/16",
          "schema_version": 1,
          "attributes": {
            "arn": "arn:aws:ec2:us-east-1:109106954009:vpc/vpc-0786f9d7049b9d6f2",
            "assign_generated_ipv6_cidr_block": false,
            "cidr_block": "10.0.0.0/16",
            "default_network_acl_id": "acl-0dc58e508979bd47a",
            "default_route_table_id": "rtb-0bb4bfc0f691b9db2",
            "default_security_group_id": "sg-08ed49be3f6dc2092",
            "dhcp_options_id": "dopt-08c8d1a747d7f7b57",
            "enable_classiclink": false,
            "enable_classiclink_dns_support": false,
            "enable_dns_hostnames": false,
            "enable_dns_support": true,
            "id": "vpc-0786f9d7049b9d6f2",
            "instance_tenancy": "default",
            "ipv4_ipam_pool_id": null,
            "ipv4_netmask_length": null,
            "ipv6_association_id": "",
            "ipv6_cidr_block": "",
            "ipv6_cidr_block_network_border_group": "",
            "ipv6_ipam_pool_id": "",
            "ipv6_netmask_length": 0,
            "main_route_table_id": "rtb-0bb4bfc0f691b9db2",
            "owner_id": "109106954009",
            "tags": {
              "Name": "qwerty"
            },
            "tags_all": {
              "Name": "qwerty"
            }
          },
          "sensitive_attributes": [],
          "private": "eyJzY2hlbWFfdmVyc2lvbiI6IjEifQ=="
        },
        {
          "index_key": "10.1.0.0/16",
          "schema_version": 1,
          "attributes": {
            "arn": "arn:aws:ec2:us-east-1:109106954009:vpc/vpc-09e18163184742b80",
            "assign_generated_ipv6_cidr_block": false,
            "cidr_block": "10.1.0.0/16",
            "default_network_acl_id": "acl-031950a207a324d77",
            "default_route_table_id": "rtb-0ca16e93e9d91c12f",
            "default_security_group_id": "sg-05be59fba7ca1da4a",
            "dhcp_options_id": "dopt-08c8d1a747d7f7b57",
            "enable_classiclink": false,
            "enable_classiclink_dns_support": false,
            "enable_dns_hostnames": false,
            "enable_dns_support": true,
            "id": "vpc-09e18163184742b80",
            "instance_tenancy": "default",
            "ipv4_ipam_pool_id": null,
            "ipv4_netmask_length": null,
            "ipv6_association_id": "",
            "ipv6_cidr_block": "",
            "ipv6_cidr_block_network_border_group": "",
            "ipv6_ipam_pool_id": "",
            "ipv6_netmask_length": 0,
            "main_route_table_id": "rtb-0ca16e93e9d91c12f",
            "owner_id": "109106954009",
            "tags": {
              "Name": "qwerty"
            },
            "tags_all": {
              "Name": "qwerty"
            }
          },
          "sensitive_attributes": [],
          "private": "eyJzY2hlbWFfdmVyc2lvbiI6IjEifQ=="
        }
      ]
    }
  ]
}
