{
  "version": 4,
  "terraform_version": "1.2.4",
  "serial": 4,
  "lineage": "f5849c1b-7ade-87c1-e789-9b2109e405b2",
  "outputs": {},
  "resources": [
    {
      "mode": "managed",
      "type": "aws_vpc",
      "name": "vpc",
      "provider": "provider[\"registry.terraform.io/hashicorp/aws\"]",
      "instances": [
        {
          "schema_version": 1,
          "attributes": {
            "arn": "arn:aws:ec2:us-east-1:109106954009:vpc/vpc-0aa6082ca42ffebc7",
            "assign_generated_ipv6_cidr_block": false,
            "cidr_block": "10.0.0.0/16",
            "default_network_acl_id": "acl-0ac03e297592737ee",
            "default_route_table_id": "rtb-0363e54fe807c1edd",
            "default_security_group_id": "sg-0b03ff3cd324236a0",
            "dhcp_options_id": "dopt-08c8d1a747d7f7b57",
            "enable_classiclink": false,
            "enable_classiclink_dns_support": false,
            "enable_dns_hostnames": false,
            "enable_dns_support": true,
            "id": "vpc-0aa6082ca42ffebc7",
            "instance_tenancy": "default",
            "ipv4_ipam_pool_id": null,
            "ipv4_netmask_length": null,
            "ipv6_association_id": "",
            "ipv6_cidr_block": "",
            "ipv6_cidr_block_network_border_group": "",
            "ipv6_ipam_pool_id": "",
            "ipv6_netmask_length": 0,
            "main_route_table_id": "rtb-0363e54fe807c1edd",
            "owner_id": "109106954009",
            "tags": {
              "Name": "demovpc",
              "name": "demovpc"
            },
            "tags_all": {
              "Name": "demovpc",
              "name": "demovpc"
            }
          },
          "sensitive_attributes": [],
          "private": "eyJzY2hlbWFfdmVyc2lvbiI6IjEifQ=="
        }
      ]
    }
  ]
}
