{
  "version": 4,
  "terraform_version": "1.2.4",
  "serial": 2,
  "lineage": "ea1b6413-e497-1c7f-4d47-ad857b364088",
  "outputs": {
    "vpc_output": {
      "value": {
        "arn": "arn:aws:ec2:us-east-1:109106954009:vpc/vpc-09832c3a9d9ec7919",
        "assign_generated_ipv6_cidr_block": false,
        "cidr_block": "10.0.0.0/16",
        "default_network_acl_id": "acl-00e550bc22d93d2c6",
        "default_route_table_id": "rtb-065c87b1d00004558",
        "default_security_group_id": "sg-090f717f0ef50821d",
        "dhcp_options_id": "dopt-08c8d1a747d7f7b57",
        "enable_classiclink": false,
        "enable_classiclink_dns_support": false,
        "enable_dns_hostnames": false,
        "enable_dns_support": true,
        "id": "vpc-09832c3a9d9ec7919",
        "instance_tenancy": "default",
        "ipv4_ipam_pool_id": null,
        "ipv4_netmask_length": null,
        "ipv6_association_id": "",
        "ipv6_cidr_block": "",
        "ipv6_cidr_block_network_border_group": "",
        "ipv6_ipam_pool_id": "",
        "ipv6_netmask_length": 0,
        "main_route_table_id": "rtb-065c87b1d00004558",
        "owner_id": "109106954009",
        "tags": {
          "Name": "testing",
          "environment": "prod",
          "managed_by": "terraform",
          "region": "uw1"
        },
        "tags_all": {
          "Name": "testing",
          "environment": "prod",
          "managed_by": "terraform",
          "region": "uw1"
        }
      },
      "type": [
        "object",
        {
          "arn": "string",
          "assign_generated_ipv6_cidr_block": "bool",
          "cidr_block": "string",
          "default_network_acl_id": "string",
          "default_route_table_id": "string",
          "default_security_group_id": "string",
          "dhcp_options_id": "string",
          "enable_classiclink": "bool",
          "enable_classiclink_dns_support": "bool",
          "enable_dns_hostnames": "bool",
          "enable_dns_support": "bool",
          "id": "string",
          "instance_tenancy": "string",
          "ipv4_ipam_pool_id": "string",
          "ipv4_netmask_length": "number",
          "ipv6_association_id": "string",
          "ipv6_cidr_block": "string",
          "ipv6_cidr_block_network_border_group": "string",
          "ipv6_ipam_pool_id": "string",
          "ipv6_netmask_length": "number",
          "main_route_table_id": "string",
          "owner_id": "string",
          "tags": [
            "map",
            "string"
          ],
          "tags_all": [
            "map",
            "string"
          ]
        }
      ]
    }
  },
  "resources": [
    {
      "mode": "managed",
      "type": "aws_vpc",
      "name": "testing",
      "provider": "provider[\"registry.terraform.io/hashicorp/aws\"]",
      "instances": [
        {
          "schema_version": 1,
          "attributes": {
            "arn": "arn:aws:ec2:us-east-1:109106954009:vpc/vpc-09832c3a9d9ec7919",
            "assign_generated_ipv6_cidr_block": false,
            "cidr_block": "10.0.0.0/16",
            "default_network_acl_id": "acl-00e550bc22d93d2c6",
            "default_route_table_id": "rtb-065c87b1d00004558",
            "default_security_group_id": "sg-090f717f0ef50821d",
            "dhcp_options_id": "dopt-08c8d1a747d7f7b57",
            "enable_classiclink": false,
            "enable_classiclink_dns_support": false,
            "enable_dns_hostnames": false,
            "enable_dns_support": true,
            "id": "vpc-09832c3a9d9ec7919",
            "instance_tenancy": "default",
            "ipv4_ipam_pool_id": null,
            "ipv4_netmask_length": null,
            "ipv6_association_id": "",
            "ipv6_cidr_block": "",
            "ipv6_cidr_block_network_border_group": "",
            "ipv6_ipam_pool_id": "",
            "ipv6_netmask_length": 0,
            "main_route_table_id": "rtb-065c87b1d00004558",
            "owner_id": "109106954009",
            "tags": {
              "Name": "testing",
              "environment": "prod",
              "managed_by": "terraform",
              "region": "uw1"
            },
            "tags_all": {
              "Name": "testing",
              "environment": "prod",
              "managed_by": "terraform",
              "region": "uw1"
            }
          },
          "sensitive_attributes": [],
          "private": "eyJzY2hlbWFfdmVyc2lvbiI6IjEifQ=="
        }
      ]
    }
  ]
}
